
Microsoft Visual Studio Solution File, Format Version 12.00
# Visual Studio Version 17
VisualStudioVersion = 17.4.33403.182
MinimumVisualStudioVersion = 10.0.40219.1
Project("{FAE04EC0-301F-11D3-BF4B-00C04F79EFBC}") = "BlackoutInstaller", "BlackoutInstaller\BlackoutInstaller.csproj", "{2B3F7E22-DD25-4CD8-9B3E-D58E43F518ED}"
EndProject
Global
	GlobalSection(SolutionConfigurationPlatforms) = preSolution
		Debug|Any CPU = Debug|Any CPU
		Release|Any CPU = Release|Any CPU
	EndGlobalSection
	GlobalSection(ProjectConfigurationPlatforms) = postSolution
		{2B3F7E22-DD25-4CD8-9B3E-D58E43F518ED}.Debug|Any CPU.ActiveCfg = Debug|Any CPU
		{2B3F7E22-DD25-4CD8-9B3E-D58E43F518ED}.Debug|Any CPU.Build.0 = Debug|Any CPU
		{2B3F7E22-DD25-4CD8-9B3E-D58E43F518ED}.Release|Any CPU.ActiveCfg = Release|Any CPU
		{2B3F7E22-DD25-4CD8-9B3E-D58E43F518ED}.Release|Any CPU.Build.0 = Release|Any CPU
	EndGlobalSection
	GlobalSection(SolutionProperties) = preSolution
		HideSolutionNode = FALSE
	EndGlobalSection
	GlobalSection(ExtensibilityGlobals) = postSolution
		SolutionGuid = {D10FC986-2FB2-441B-924F-09F2D4531A4A}
	EndGlobalSection
EndGlobal
